# THIS IS AN AUTOGENERATED FILE. DO NOT EDIT THIS FILE DIRECTLY.
# yarn lockfile v1


"@roaminroe/as-proto-gen@^0.4.2":
  version "0.4.2"
  resolved "https://registry.yarnpkg.com/@roaminroe/as-proto-gen/-/as-proto-gen-0.4.2.tgz#d665cd0e37c420eed29e933ace4f7ceec9a5eb0d"
  integrity sha512-Q5XcyzZOtr7aaIadnGk9s+XiTWUUJ31VLEu09cybgabGeQVqkT1mHdtMDamERdIU2d9o6fZApC1mvIfz89esvA==
  dependencies:
    google-protobuf "^3.19.2"
    prettier "^2.5.0"
    ts-poet "^4.9.0"

"@roaminroe/as-proto@^0.2.3":
  version "0.2.3"
  resolved "https://registry.yarnpkg.com/@roaminroe/as-proto/-/as-proto-0.2.3.tgz#931ff8f805d1ba4726037465d46fb0d9ac5a4f04"
  integrity sha512-x+fDDY5fvfd1VHqJnD6ITh88m913uDuKQPCTnwi6TFwbCRIqmC9lfIst/pmPFx96rNVlNp8UBLXFKgZg9l6rYA==

"@roaminroe/protoc@^2.4.0":
  version "2.4.0"
  resolved "https://registry.yarnpkg.com/@roaminroe/protoc/-/protoc-2.4.0.tgz#9f50b727af5bdf7a06e20ae38a2f9c80ef24a2d0"
  integrity sha512-M2H/EaGYyNd4Zcskyf8PrtpMi7q7ewT+A7fPu3kIB3pN0y/8mXIuGRvqp8pO7LsKSCkGA+coCGTYeFLx7dC2lg==

google-protobuf@^3.19.2:
  version "3.20.1"
  resolved "https://registry.yarnpkg.com/google-protobuf/-/google-protobuf-3.20.1.tgz#1b255c2b59bcda7c399df46c65206aa3c7a0ce8b"
  integrity sha512-XMf1+O32FjYIV3CYu6Tuh5PNbfNEU5Xu22X+Xkdb/DUexFlCzhvv7d5Iirm4AOwn8lv4al1YvIhzGrg2j9Zfzw==

lodash@^4.17.15:
  version "4.17.21"
  resolved "https://registry.yarnpkg.com/lodash/-/lodash-4.17.21.tgz#679591c564c3bffaae8454cf0b3df370c3d6911c"
  integrity sha512-v2kDEe57lecTulaDIuNTPy3Ry4gLGJ6Z1O3vE1krgXZNrsQ+LFTGHVxVjcXPs17LhbZVGedAJv8XZ1tvj5FvSg==

prettier@^2.5.0, prettier@^2.5.1:
  version "2.7.1"
  resolved "https://registry.yarnpkg.com/prettier/-/prettier-2.7.1.tgz#e235806850d057f97bb08368a4f7d899f7760c64"
  integrity sha512-ujppO+MkdPqoVINuDFDRLClm7D78qbDt0/NR+wp5FqEZOoTNAjPHWj17QRhu7geIHJfcNhRk1XVQmF8Bp3ye+g==

ts-poet@^4.9.0:
  version "4.15.0"
  resolved "https://registry.yarnpkg.com/ts-poet/-/ts-poet-4.15.0.tgz#637145fa554d3b27c56541578df0ce08cd9eb328"
  integrity sha512-sLLR8yQBvHzi9d4R1F4pd+AzQxBfzOSSjfxiJxQhkUoH5bL7RsAC6wgvtVUQdGqiCsyS9rT6/8X2FI7ipdir5g==
  dependencies:
    lodash "^4.17.15"
    prettier "^2.5.1"
